
Microsoft Visual Studio Solution File, Format Version 12.00
# Visual Studio Version 17
VisualStudioVersion = 17.5.002.0
MinimumVisualStudioVersion = 10.0.40219.1
Project("{9A19103F-16F7-4668-BE54-9A1E7A4F7556}") = "CostManager.Pwa", "CostManager.Pwa.csproj", "{77770E60-229C-4A84-86AA-2961D4387EAF}"
EndProject
Global
	GlobalSection(SolutionConfigurationPlatforms) = preSolution
		Debug|Any CPU = Debug|Any CPU
		Release|Any CPU = Release|Any CPU
	EndGlobalSection
	GlobalSection(ProjectConfigurationPlatforms) = postSolution
		{77770E60-229C-4A84-86AA-2961D4387EAF}.Debug|Any CPU.ActiveCfg = Debug|Any CPU
		{77770E60-229C-4A84-86AA-2961D4387EAF}.Debug|Any CPU.Build.0 = Debug|Any CPU
		{77770E60-229C-4A84-86AA-2961D4387EAF}.Release|Any CPU.ActiveCfg = Release|Any CPU
		{77770E60-229C-4A84-86AA-2961D4387EAF}.Release|Any CPU.Build.0 = Release|Any CPU
	EndGlobalSection
	GlobalSection(SolutionProperties) = preSolution
		HideSolutionNode = FALSE
	EndGlobalSection
	GlobalSection(ExtensibilityGlobals) = postSolution
		SolutionGuid = {9579E10E-A154-44E7-BB0D-EA49305FF8AB}
	EndGlobalSection
EndGlobal
